{
  "name": "mifare-classic",
  "version": "0.0.2",
  "lockfileVersion": 1,
  "requires": true,
  "dependencies": {
    "ndef": {
      "version": "0.2.0",
      "resolved": "https://registry.npmjs.org/ndef/-/ndef-0.2.0.tgz",
      "integrity": "sha512-yl0t0oexuIjNLs8MAF5xZ6rT9P635+ZnCt4sng/aJT8/8gqJ0niBpZoKsioLi+NUA7ydb20MqXo+rIdAQcihVg=="
    }
  }
}
